
Microsoft Visual Studio Solution File, Format Version 12.00
# Visual Studio Version 17
VisualStudioVersion = 17.3.32901.215
MinimumVisualStudioVersion = 10.0.40219.1
Project("{FAE04EC0-301F-11D3-BF4B-00C04F79EFBC}") = "Bolum1Uygulama2", "Bolum1Uygulama2\Bolum1Uygulama2.csproj", "{94377B42-A75C-4B9D-B1BC-82418E6D52B1}"
EndProject
Global
	GlobalSection(SolutionConfigurationPlatforms) = preSolution
		Debug|Any CPU = Debug|Any CPU
		Release|Any CPU = Release|Any CPU
	EndGlobalSection
	GlobalSection(ProjectConfigurationPlatforms) = postSolution
		{94377B42-A75C-4B9D-B1BC-82418E6D52B1}.Debug|Any CPU.ActiveCfg = Debug|Any CPU
		{94377B42-A75C-4B9D-B1BC-82418E6D52B1}.Debug|Any CPU.Build.0 = Debug|Any CPU
		{94377B42-A75C-4B9D-B1BC-82418E6D52B1}.Release|Any CPU.ActiveCfg = Release|Any CPU
		{94377B42-A75C-4B9D-B1BC-82418E6D52B1}.Release|Any CPU.Build.0 = Release|Any CPU
	EndGlobalSection
	GlobalSection(SolutionProperties) = preSolution
		HideSolutionNode = FALSE
	EndGlobalSection
	GlobalSection(ExtensibilityGlobals) = postSolution
		SolutionGuid = {7EFCE489-70D8-48AB-B103-372E30B09ECD}
	EndGlobalSection
EndGlobal
